{
  "name": "mmm-porcupine",
  "version": "1.0.0",
  "lockfileVersion": 2,
  "requires": true,
  "packages": {
    "": {
      "name": "mmm-porcupine",
      "version": "1.0.0",
      "license": "MIT",
      "dependencies": {
        "@picovoice/porcupine-node": "^2.1.7",
        "@picovoice/pvrecorder-node": "^1.1.2",
        "dotenv": "^16.0.3"
      }
    },
    "node_modules/@picovoice/porcupine-node": {
      "version": "2.1.7",
      "resolved": "https://registry.npmjs.org/@picovoice/porcupine-node/-/porcupine-node-2.1.7.tgz",
      "integrity": "sha512-w1HKXhIJs2w3piZOmDPR6V0hPVeAwtJLV2Oix+O0rZDPvDPlTTmORSBAAoa/3vV1RaElNyWzhQKzrKaY4hBd9w==",
      "cpu": [
        "!ia32",
        "!mips",
        "!ppc",
        "!ppc64"
      ],
      "engines": {
        "node": ">=12.0.0"
      }
    },
    "node_modules/@picovoice/pvrecorder-node": {
      "version": "1.1.2",
      "resolved": "https://registry.npmjs.org/@picovoice/pvrecorder-node/-/pvrecorder-node-1.1.2.tgz",
      "integrity": "sha512-LWGwR6NGPA5QIBtI+7gcHSmMO/pHwKa8vcY4kxstKNTYCR6zbqgpUMli6pZWfv3RtVXiRZshZkLKfBzy1dGM9Q==",
      "engines": {
        "node": ">=14.0.0"
      }
    },
    "node_modules/dotenv": {
      "version": "16.0.3",
      "resolved": "https://registry.npmjs.org/dotenv/-/dotenv-16.0.3.tgz",
      "integrity": "sha512-7GO6HghkA5fYG9TYnNxi14/7K9f5occMlp3zXAuSxn7CKCxt9xbNWG7yF8hTCSUchlfWSe3uLmlPfigevRItzQ==",
      "engines": {
        "node": ">=12"
      }
    }
  },
  "dependencies": {
    "@picovoice/porcupine-node": {
      "version": "2.1.7",
      "resolved": "https://registry.npmjs.org/@picovoice/porcupine-node/-/porcupine-node-2.1.7.tgz",
      "integrity": "sha512-w1HKXhIJs2w3piZOmDPR6V0hPVeAwtJLV2Oix+O0rZDPvDPlTTmORSBAAoa/3vV1RaElNyWzhQKzrKaY4hBd9w=="
    },
    "@picovoice/pvrecorder-node": {
      "version": "1.1.2",
      "resolved": "https://registry.npmjs.org/@picovoice/pvrecorder-node/-/pvrecorder-node-1.1.2.tgz",
      "integrity": "sha512-LWGwR6NGPA5QIBtI+7gcHSmMO/pHwKa8vcY4kxstKNTYCR6zbqgpUMli6pZWfv3RtVXiRZshZkLKfBzy1dGM9Q=="
    },
    "dotenv": {
      "version": "16.0.3",
      "resolved": "https://registry.npmjs.org/dotenv/-/dotenv-16.0.3.tgz",
      "integrity": "sha512-7GO6HghkA5fYG9TYnNxi14/7K9f5occMlp3zXAuSxn7CKCxt9xbNWG7yF8hTCSUchlfWSe3uLmlPfigevRItzQ=="
    }
  }
}
